
Microsoft Visual Studio Solution File, Format Version 12.00
# Visual Studio 15
VisualStudioVersion = 15.0.27130.2036
MinimumVisualStudioVersion = 10.0.40219.1
Project("{9A19103F-16F7-4668-BE54-9A1E7A4F7556}") = "Forum.App", "Forum.App\Forum.App.csproj", "{0453BB61-B4A8-4217-96DF-EB1BD37F7BE0}"
EndProject
Project("{FAE04EC0-301F-11D3-BF4B-00C04F79EFBC}") = "Forum.Models", "Forum.Models\Forum.Models.csproj", "{93A733D6-C9F2-4DEC-9E39-D2818247D5E9}"
EndProject
Project("{FAE04EC0-301F-11D3-BF4B-00C04F79EFBC}") = "Forum.Data", "Forum.Data\Forum.Data.csproj", "{6418CD86-2A53-464F-A1F3-D7A6E27EBF14}"
EndProject
Global
	GlobalSection(SolutionConfigurationPlatforms) = preSolution
		Debug|Any CPU = Debug|Any CPU
		Release|Any CPU = Release|Any CPU
	EndGlobalSection
	GlobalSection(ProjectConfigurationPlatforms) = postSolution
		{0453BB61-B4A8-4217-96DF-EB1BD37F7BE0}.Debug|Any CPU.ActiveCfg = Debug|Any CPU
		{0453BB61-B4A8-4217-96DF-EB1BD37F7BE0}.Debug|Any CPU.Build.0 = Debug|Any CPU
		{0453BB61-B4A8-4217-96DF-EB1BD37F7BE0}.Release|Any CPU.ActiveCfg = Release|Any CPU
		{0453BB61-B4A8-4217-96DF-EB1BD37F7BE0}.Release|Any CPU.Build.0 = Release|Any CPU
		{93A733D6-C9F2-4DEC-9E39-D2818247D5E9}.Debug|Any CPU.ActiveCfg = Debug|Any CPU
		{93A733D6-C9F2-4DEC-9E39-D2818247D5E9}.Debug|Any CPU.Build.0 = Debug|Any CPU
		{93A733D6-C9F2-4DEC-9E39-D2818247D5E9}.Release|Any CPU.ActiveCfg = Release|Any CPU
		{93A733D6-C9F2-4DEC-9E39-D2818247D5E9}.Release|Any CPU.Build.0 = Release|Any CPU
		{6418CD86-2A53-464F-A1F3-D7A6E27EBF14}.Debug|Any CPU.ActiveCfg = Debug|Any CPU
		{6418CD86-2A53-464F-A1F3-D7A6E27EBF14}.Debug|Any CPU.Build.0 = Debug|Any CPU
		{6418CD86-2A53-464F-A1F3-D7A6E27EBF14}.Release|Any CPU.ActiveCfg = Release|Any CPU
		{6418CD86-2A53-464F-A1F3-D7A6E27EBF14}.Release|Any CPU.Build.0 = Release|Any CPU
	EndGlobalSection
	GlobalSection(SolutionProperties) = preSolution
		HideSolutionNode = FALSE
	EndGlobalSection
	GlobalSection(ExtensibilityGlobals) = postSolution
		SolutionGuid = {F9E11853-4AA1-4E3E-84EE-6785565DC2D7}
	EndGlobalSection
EndGlobal
