
Microsoft Visual Studio Solution File, Format Version 12.00
# Visual Studio 15
VisualStudioVersion = 15.0.27130.2026
MinimumVisualStudioVersion = 10.0.40219.1
Project("{9A19103F-16F7-4668-BE54-9A1E7A4F7556}") = "01-Regeh", "01-Regeh\01-Regeh.csproj", "{27D2DBB7-335D-4AA4-A400-055AC3FC4D68}"
EndProject
Project("{9A19103F-16F7-4668-BE54-9A1E7A4F7556}") = "02-KnightGame", "02-KnightGame\02-KnightGame.csproj", "{66FF2E72-3866-4E69-9A03-4600A89D3ED0}"
EndProject
Project("{FAE04EC0-301F-11D3-BF4B-00C04F79EFBC}") = "03-NumberWars", "03-NumberWars\03-NumberWars.csproj", "{9CA8441F-A876-425B-B0EB-66F1F3450AE6}"
EndProject
Project("{FAE04EC0-301F-11D3-BF4B-00C04F79EFBC}") = "04-Hospital", "04-Hospital\04-Hospital.csproj", "{F2E2DA2A-7AEE-4AB4-A2CB-423F1A4C004B}"
EndProject
Global
	GlobalSection(SolutionConfigurationPlatforms) = preSolution
		Debug|Any CPU = Debug|Any CPU
		Release|Any CPU = Release|Any CPU
	EndGlobalSection
	GlobalSection(ProjectConfigurationPlatforms) = postSolution
		{27D2DBB7-335D-4AA4-A400-055AC3FC4D68}.Debug|Any CPU.ActiveCfg = Debug|Any CPU
		{27D2DBB7-335D-4AA4-A400-055AC3FC4D68}.Debug|Any CPU.Build.0 = Debug|Any CPU
		{27D2DBB7-335D-4AA4-A400-055AC3FC4D68}.Release|Any CPU.ActiveCfg = Release|Any CPU
		{27D2DBB7-335D-4AA4-A400-055AC3FC4D68}.Release|Any CPU.Build.0 = Release|Any CPU
		{66FF2E72-3866-4E69-9A03-4600A89D3ED0}.Debug|Any CPU.ActiveCfg = Debug|Any CPU
		{66FF2E72-3866-4E69-9A03-4600A89D3ED0}.Debug|Any CPU.Build.0 = Debug|Any CPU
		{66FF2E72-3866-4E69-9A03-4600A89D3ED0}.Release|Any CPU.ActiveCfg = Release|Any CPU
		{66FF2E72-3866-4E69-9A03-4600A89D3ED0}.Release|Any CPU.Build.0 = Release|Any CPU
		{9CA8441F-A876-425B-B0EB-66F1F3450AE6}.Debug|Any CPU.ActiveCfg = Debug|Any CPU
		{9CA8441F-A876-425B-B0EB-66F1F3450AE6}.Debug|Any CPU.Build.0 = Debug|Any CPU
		{9CA8441F-A876-425B-B0EB-66F1F3450AE6}.Release|Any CPU.ActiveCfg = Release|Any CPU
		{9CA8441F-A876-425B-B0EB-66F1F3450AE6}.Release|Any CPU.Build.0 = Release|Any CPU
		{F2E2DA2A-7AEE-4AB4-A2CB-423F1A4C004B}.Debug|Any CPU.ActiveCfg = Debug|Any CPU
		{F2E2DA2A-7AEE-4AB4-A2CB-423F1A4C004B}.Debug|Any CPU.Build.0 = Debug|Any CPU
		{F2E2DA2A-7AEE-4AB4-A2CB-423F1A4C004B}.Release|Any CPU.ActiveCfg = Release|Any CPU
		{F2E2DA2A-7AEE-4AB4-A2CB-423F1A4C004B}.Release|Any CPU.Build.0 = Release|Any CPU
	EndGlobalSection
	GlobalSection(SolutionProperties) = preSolution
		HideSolutionNode = FALSE
	EndGlobalSection
	GlobalSection(ExtensibilityGlobals) = postSolution
		SolutionGuid = {5AA4EC89-D79E-4BFC-9D30-D93856A49F53}
	EndGlobalSection
EndGlobal
